// !$*UTF8*$!
{
	archiveVersion = 1;
	classes = {
	};
	objectVersion = 55;
	objects = {

/* Begin PBXBuildFile section */
		6231B95F27BEFFAF00EC9C82 /* AppDelegate.swift in Sources */ = {isa = PBXBuildFile; fileRef = 6231B95E27BEFFAF00EC9C82 /* AppDelegate.swift */; };
		6231B96127BEFFAF00EC9C82 /* SceneDelegate.swift in Sources */ = {isa = PBXBuildFile; fileRef = 6231B96027BEFFAF00EC9C82 /* SceneDelegate.swift */; };
		6231B96327BEFFAF00EC9C82 /* ViewController.swift in Sources */ = {isa = PBXBuildFile; fileRef = 6231B96227BEFFAF00EC9C82 /* ViewController.swift */; };
		6231B96627BEFFAF00EC9C82 /* Main.storyboard in Resources */ = {isa = PBXBuildFile; fileRef = 6231B96427BEFFAF00EC9C82 /* Main.storyboard */; };
		6231B96827BEFFB400EC9C82 /* Assets.xcassets in Resources */ = {isa = PBXBuildFile; fileRef = 6231B96727BEFFB400EC9C82 /* Assets.xcassets */; };
		6231B96B27BEFFB400EC9C82 /* LaunchScreen.storyboard in Resources */ = {isa = PBXBuildFile; fileRef = 6231B96927BEFFB400EC9C82 /* LaunchScreen.storyboard */; };
		6231B97627BEFFB400EC9C82 /* IOT_ProjectTests.swift in Sources */ = {isa = PBXBuildFile; fileRef = 6231B97527BEFFB400EC9C82 /* IOT_ProjectTests.swift */; };
		6231B98027BEFFB400EC9C82 /* IOT_ProjectUITests.swift in Sources */ = {isa = PBXBuildFile; fileRef = 6231B97F27BEFFB400EC9C82 /* IOT_ProjectUITests.swift */; };
		6231B98227BEFFB400EC9C82 /* IOT_ProjectUITestsLaunchTests.swift in Sources */ = {isa = PBXBuildFile; fileRef = 6231B98127BEFFB400EC9C82 /* IOT_ProjectUITestsLaunchTests.swift */; };
/* End PBXBuildFile section */

/* Begin PBXContainerItemProxy section */
		6231B97227BEFFB400EC9C82 /* PBXContainerItemProxy */ = {
			isa = PBXContainerItemProxy;
			containerPortal = 6231B95327BEFFAF00EC9C82 /* Project object */;
			proxyType = 1;
			remoteGlobalIDString = 6231B95A27BEFFAF00EC9C82;
			remoteInfo = "IOT Project";
		};
		6231B97C27BEFFB400EC9C82 /* PBXContainerItemProxy */ = {
			isa = PBXContainerItemProxy;
			containerPortal = 6231B95327BEFFAF00EC9C82 /* Project object */;
			proxyType = 1;
			remoteGlobalIDString = 6231B95A27BEFFAF00EC9C82;
			remoteInfo = "IOT Project";
		};
/* End PBXContainerItemProxy section */

/* Begin PBXFileReference section */
		6231B95B27BEFFAF00EC9C82 /* IOT Project.app */ = {isa = PBXFileReference; explicitFileType = wrapper.application; includeInIndex = 0; path = "IOT Project.app"; sourceTree = BUILT_PRODUCTS_DIR; };
		6231B95E27BEFFAF00EC9C82 /* AppDelegate.swift */ = {isa = PBXFileReference; lastKnownFileType = sourcecode.swift; path = AppDelegate.swift; sourceTree = "<group>"; };
		6231B96027BEFFAF00EC9C82 /* SceneDelegate.swift */ = {isa = PBXFileReference; lastKnownFileType = sourcecode.swift; path = SceneDelegate.swift; sourceTree = "<group>"; };
		6231B96227BEFFAF00EC9C82 /* ViewController.swift */ = {isa = PBXFileReference; lastKnownFileType = sourcecode.swift; path = ViewController.swift; sourceTree = "<group>"; };
		6231B96527BEFFAF00EC9C82 /* Base */ = {isa = PBXFileReference; lastKnownFileType = file.storyboard; name = Base; path = Base.lproj/Main.storyboard; sourceTree = "<group>"; };
		6231B96727BEFFB400EC9C82 /* Assets.xcassets */ = {isa = PBXFileReference; lastKnownFileType = folder.assetcatalog; path = Assets.xcassets; sourceTree = "<group>"; };
		6231B96A27BEFFB400EC9C82 /* Base */ = {isa = PBXFileReference; lastKnownFileType = file.storyboard; name = Base; path = Base.lproj/LaunchScreen.storyboard; sourceTree = "<group>"; };
		6231B96C27BEFFB400EC9C82 /* Info.plist */ = {isa = PBXFileReference; lastKnownFileType = text.plist.xml; path = Info.plist; sourceTree = "<group>"; };
		6231B97127BEFFB400EC9C82 /* IOT ProjectTests.xctest */ = {isa = PBXFileReference; explicitFileType = wrapper.cfbundle; includeInIndex = 0; path = "IOT ProjectTests.xctest"; sourceTree = BUILT_PRODUCTS_DIR; };
		6231B97527BEFFB400EC9C82 /* IOT_ProjectTests.swift */ = {isa = PBXFileReference; lastKnownFileType = sourcecode.swift; path = IOT_ProjectTests.swift; sourceTree = "<group>"; };
		6231B97B27BEFFB400EC9C82 /* IOT ProjectUITests.xctest */ = {isa = PBXFileReference; explicitFileType = wrapper.cfbundle; includeInIndex = 0; path = "IOT ProjectUITests.xctest"; sourceTree = BUILT_PRODUCTS_DIR; };
		6231B97F27BEFFB400EC9C82 /* IOT_ProjectUITests.swift */ = {isa = PBXFileReference; lastKnownFileType = sourcecode.swift; path = IOT_ProjectUITests.swift; sourceTree = "<group>"; };
		6231B98127BEFFB400EC9C82 /* IOT_ProjectUITestsLaunchTests.swift */ = {isa = PBXFileReference; lastKnownFileType = sourcecode.swift; path = IOT_ProjectUITestsLaunchTests.swift; sourceTree = "<group>"; };
/* End PBXFileReference section */

/* Begin PBXFrameworksBuildPhase section */
		6231B95827BEFFAF00EC9C82 /* Frameworks */ = {
			isa = PBXFrameworksBuildPhase;
			buildActionMask = 2147483647;
			files = (
			);
			runOnlyForDeploymentPostprocessing = 0;
		};
		6231B96E27BEFFB400EC9C82 /* Frameworks */ = {
			isa = PBXFrameworksBuildPhase;
			buildActionMask = 2147483647;
			files = (
			);
			runOnlyForDeploymentPostprocessing = 0;
		};
		6231B97827BEFFB400EC9C82 /* Frameworks */ = {
			isa = PBXFrameworksBuildPhase;
			buildActionMask = 2147483647;
			files = (
			);
			runOnlyForDeploymentPostprocessing = 0;
		};
/* End PBXFrameworksBuildPhase section */

/* Begin PBXGroup section */
		6231B95227BEFFAF00EC9C82 = {
			isa = PBXGroup;
			children = (
				6231B95D27BEFFAF00EC9C82 /* IOT Project */,
				6231B97427BEFFB400EC9C82 /* IOT ProjectTests */,
				6231B97E27BEFFB400EC9C82 /* IOT ProjectUITests */,
				6231B95C27BEFFAF00EC9C82 /* Products */,
				9E5CCC9CC22AC13B6DDBAF63 /* Pods */,
			);
			sourceTree = "<group>";
		};
		6231B95C27BEFFAF00EC9C82 /* Products */ = {
			isa = PBXGroup;
			children = (
				6231B95B27BEFFAF00EC9C82 /* IOT Project.app */,
				6231B97127BEFFB400EC9C82 /* IOT ProjectTests.xctest */,
				6231B97B27BEFFB400EC9C82 /* IOT ProjectUITests.xctest */,
			);
			name = Products;
			sourceTree = "<group>";
		};
		6231B95D27BEFFAF00EC9C82 /* IOT Project */ = {
			isa = PBXGroup;
			children = (
				6231B95E27BEFFAF00EC9C82 /* AppDelegate.swift */,
				6231B96027BEFFAF00EC9C82 /* SceneDelegate.swift */,
				6231B96227BEFFAF00EC9C82 /* ViewController.swift */,
				6231B96427BEFFAF00EC9C82 /* Main.storyboard */,
				6231B96727BEFFB400EC9C82 /* Assets.xcassets */,
				6231B96927BEFFB400EC9C82 /* LaunchScreen.storyboard */,
				6231B96C27BEFFB400EC9C82 /* Info.plist */,
			);
			path = "IOT Project";
			sourceTree = "<group>";
		};
		6231B97427BEFFB400EC9C82 /* IOT ProjectTests */ = {
			isa = PBXGroup;
			children = (
				6231B97527BEFFB400EC9C82 /* IOT_ProjectTests.swift */,
			);
			path = "IOT ProjectTests";
			sourceTree = "<group>";
		};
		6231B97E27BEFFB400EC9C82 /* IOT ProjectUITests */ = {
			isa = PBXGroup;
			children = (
				6231B97F27BEFFB400EC9C82 /* IOT_ProjectUITests.swift */,
				6231B98127BEFFB400EC9C82 /* IOT_ProjectUITestsLaunchTests.swift */,
			);
			path = "IOT ProjectUITests";
			sourceTree = "<group>";
		};
		9E5CCC9CC22AC13B6DDBAF63 /* Pods */ = {
			isa = PBXGroup;
			children = (
			);
			path = Pods;
			sourceTree = "<group>";
		};
/* End PBXGroup section */

/* Begin PBXNativeTarget section */
		6231B95A27BEFFAF00EC9C82 /* IOT Project */ = {
			isa = PBXNativeTarget;
			buildConfigurationList = 6231B98527BEFFB400EC9C82 /* Build configuration list for PBXNativeTarget "IOT Project" */;
			buildPhases = (
				6231B95727BEFFAF00EC9C82 /* Sources */,
				6231B95827BEFFAF00EC9C82 /* Frameworks */,
				6231B95927BEFFAF00EC9C82 /* Resources */,
			);
			buildRules = (
			);
			dependencies = (
			);
			name = "IOT Project";
			productName = "IOT Project";
			productReference = 6231B95B27BEFFAF00EC9C82 /* IOT Project.app */;
			productType = "com.apple.product-type.application";
		};
		6231B97027BEFFB400EC9C82 /* IOT ProjectTests */ = {
			isa = PBXNativeTarget;
			buildConfigurationList = 6231B98827BEFFB400EC9C82 /* Build configuration list for PBXNativeTarget "IOT ProjectTests" */;
			buildPhases = (
				6231B96D27BEFFB400EC9C82 /* Sources */,
				6231B96E27BEFFB400EC9C82 /* Frameworks */,
				6231B96F27BEFFB400EC9C82 /* Resources */,
			);
			buildRules = (
			);
			dependencies = (
				6231B97327BEFFB400EC9C82 /* PBXTargetDependency */,
			);
			name = "IOT ProjectTests";
			productName = "IOT ProjectTests";
			productReference = 6231B97127BEFFB400EC9C82 /* IOT ProjectTests.xctest */;
			productType = "com.apple.product-type.bundle.unit-test";
		};
		6231B97A27BEFFB400EC9C82 /* IOT ProjectUITests */ = {
			isa = PBXNativeTarget;
			buildConfigurationList = 6231B98B27BEFFB400EC9C82 /* Build configuration list for PBXNativeTarget "IOT ProjectUITests" */;
			buildPhases = (
				6231B97727BEFFB400EC9C82 /* Sources */,
				6231B97827BEFFB400EC9C82 /* Frameworks */,
				6231B97927BEFFB400EC9C82 /* Resources */,
			);
			buildRules = (
			);
			dependencies = (
				6231B97D27BEFFB400EC9C82 /* PBXTargetDependency */,
			);
			name = "IOT ProjectUITests";
			productName = "IOT ProjectUITests";
			productReference = 6231B97B27BEFFB400EC9C82 /* IOT ProjectUITests.xctest */;
			productType = "com.apple.product-type.bundle.ui-testing";
		};
/* End PBXNativeTarget section */

/* Begin PBXProject section */
		6231B95327BEFFAF00EC9C82 /* Project object */ = {
			isa = PBXProject;
			attributes = {
				BuildIndependentTargetsInParallel = 1;
				LastSwiftUpdateCheck = 1320;
				LastUpgradeCheck = 1320;
				TargetAttributes = {
					6231B95A27BEFFAF00EC9C82 = {
						CreatedOnToolsVersion = 13.2.1;
					};
					6231B97027BEFFB400EC9C82 = {
						CreatedOnToolsVersion = 13.2.1;
						TestTargetID = 6231B95A27BEFFAF00EC9C82;
					};
					6231B97A27BEFFB400EC9C82 = {
						CreatedOnToolsVersion = 13.2.1;
						TestTargetID = 6231B95A27BEFFAF00EC9C82;
					};
				};
			};
			buildConfigurationList = 6231B95627BEFFAF00EC9C82 /* Build configuration list for PBXProject "IOT Project" */;
			compatibilityVersion = "Xcode 13.0";
			developmentRegion = en;
			hasScannedForEncodings = 0;
			knownRegions = (
				en,
				Base,
			);
			mainGroup = 6231B95227BEFFAF00EC9C82;
			productRefGroup = 6231B95C27BEFFAF00EC9C82 /* Products */;
			projectDirPath = "";
			projectRoot = "";
			targets = (
				6231B95A27BEFFAF00EC9C82 /* IOT Project */,
				6231B97027BEFFB400EC9C82 /* IOT ProjectTests */,
				6231B97A27BEFFB400EC9C82 /* IOT ProjectUITests */,
			);
		};
/* End PBXProject section */

/* Begin PBXResourcesBuildPhase section */
		6231B95927BEFFAF00EC9C82 /* Resources */ = {
			isa = PBXResourcesBuildPhase;
			buildActionMask = 2147483647;
			files = (
				6231B96B27BEFFB400EC9C82 /* LaunchScreen.storyboard in Resources */,
				6231B96827BEFFB400EC9C82 /* Assets.xcassets in Resources */,
				6231B96627BEFFAF00EC9C82 /* Main.storyboard in Resources */,
			);
			runOnlyForDeploymentPostprocessing = 0;
		};
		6231B96F27BEFFB400EC9C82 /* Resources */ = {
			isa = PBXResourcesBuildPhase;
			buildActionMask = 2147483647;
			files = (
			);
			runOnlyForDeploymentPostprocessing = 0;
		};
		6231B97927BEFFB400EC9C82 /* Resources */ = {
			isa = PBXResourcesBuildPhase;
			buildActionMask = 2147483647;
			files = (
			);
			runOnlyForDeploymentPostprocessing = 0;
		};
/* End PBXResourcesBuildPhase section */

/* Begin PBXSourcesBuildPhase section */
		6231B95727BEFFAF00EC9C82 /* Sources */ = {
			isa = PBXSourcesBuildPhase;
			buildActionMask = 2147483647;
			files = (
				6231B96327BEFFAF00EC9C82 /* ViewController.swift in Sources */,
				6231B95F27BEFFAF00EC9C82 /* AppDelegate.swift in Sources */,
				6231B96127BEFFAF00EC9C82 /* SceneDelegate.swift in Sources */,
			);
			runOnlyForDeploymentPostprocessing = 0;
		};
		6231B96D27BEFFB400EC9C82 /* Sources */ = {
			isa = PBXSourcesBuildPhase;
			buildActionMask = 2147483647;
			files = (
				6231B97627BEFFB400EC9C82 /* IOT_ProjectTests.swift in Sources */,
			);
			runOnlyForDeploymentPostprocessing = 0;
		};
		6231B97727BEFFB400EC9C82 /* Sources */ = {
			isa = PBXSourcesBuildPhase;
			buildActionMask = 2147483647;
			files = (
				6231B98027BEFFB400EC9C82 /* IOT_ProjectUITests.swift in Sources */,
				6231B98227BEFFB400EC9C82 /* IOT_ProjectUITestsLaunchTests.swift in Sources */,
			);
			runOnlyForDeploymentPostprocessing = 0;
		};
/* End PBXSourcesBuildPhase section */

/* Begin PBXTargetDependency section */
		6231B97327BEFFB400EC9C82 /* PBXTargetDependency */ = {
			isa = PBXTargetDependency;
			target = 6231B95A27BEFFAF00EC9C82 /* IOT Project */;
			targetProxy = 6231B97227BEFFB400EC9C82 /* PBXContainerItemProxy */;
		};
		6231B97D27BEFFB400EC9C82 /* PBXTargetDependency */ = {
			isa = PBXTargetDependency;
			target = 6231B95A27BEFFAF00EC9C82 /* IOT Project */;
			targetProxy = 6231B97C27BEFFB400EC9C82 /* PBXContainerItemProxy */;
		};
/* End PBXTargetDependency section */

/* Begin PBXVariantGroup section */
		6231B96427BEFFAF00EC9C82 /* Main.storyboard */ = {
			isa = PBXVariantGroup;
			children = (
				6231B96527BEFFAF00EC9C82 /* Base */,
			);
			name = Main.storyboard;
			sourceTree = "<group>";
		};
		6231B96927BEFFB400EC9C82 /* LaunchScreen.storyboard */ = {
			isa = PBXVariantGroup;
			children = (
				6231B96A27BEFFB400EC9C82 /* Base */,
			);
			name = LaunchScreen.storyboard;
			sourceTree = "<group>";
		};
/* End PBXVariantGroup section */

/* Begin XCBuildConfiguration section */
		6231B98327BEFFB400EC9C82 /* Debug */ = {
			isa = XCBuildConfiguration;
			buildSettings = {
				ALWAYS_SEARCH_USER_PATHS = NO;
				CLANG_ANALYZER_NONNULL = YES;
				CLANG_ANALYZER_NUMBER_OBJECT_CONVERSION = YES_AGGRESSIVE;
				CLANG_CXX_LANGUAGE_STANDARD = "gnu++17";
				CLANG_CXX_LIBRARY = "libc++";
				CLANG_ENABLE_MODULES = YES;
				CLANG_ENABLE_OBJC_ARC = YES;
				CLANG_ENABLE_OBJC_WEAK = YES;
				CLANG_WARN_BLOCK_CAPTURE_AUTORELEASING = YES;
				CLANG_WARN_BOOL_CONVERSION = YES;
				CLANG_WARN_COMMA = YES;
				CLANG_WARN_CONSTANT_CONVERSION = YES;
				CLANG_WARN_DEPRECATED_OBJC_IMPLEMENTATIONS = YES;
				CLANG_WARN_DIRECT_OBJC_ISA_USAGE = YES_ERROR;
				CLANG_WARN_DOCUMENTATION_COMMENTS = YES;
				CLANG_WARN_EMPTY_BODY = YES;
				CLANG_WARN_ENUM_CONVERSION = YES;
				CLANG_WARN_INFINITE_RECURSION = YES;
				CLANG_WARN_INT_CONVERSION = YES;
				CLANG_WARN_NON_LITERAL_NULL_CONVERSION = YES;
				CLANG_WARN_OBJC_IMPLICIT_RETAIN_SELF = YES;
				CLANG_WARN_OBJC_LITERAL_CONVERSION = YES;
				CLANG_WARN_OBJC_ROOT_CLASS = YES_ERROR;
				CLANG_WARN_QUOTED_INCLUDE_IN_FRAMEWORK_HEADER = YES;
				CLANG_WARN_RANGE_LOOP_ANALYSIS = YES;
				CLANG_WARN_STRICT_PROTOTYPES = YES;
				CLANG_WARN_SUSPICIOUS_MOVE = YES;
				CLANG_WARN_UNGUARDED_AVAILABILITY = YES_AGGRESSIVE;
				CLANG_WARN_UNREACHABLE_CODE = YES;
				CLANG_WARN__DUPLICATE_METHOD_MATCH = YES;
				COPY_PHASE_STRIP = NO;
				DEBUG_INFORMATION_FORMAT = dwarf;
				ENABLE_STRICT_OBJC_MSGSEND = YES;
				ENABLE_TESTABILITY = YES;
				GCC_C_LANGUAGE_STANDARD = gnu11;
				GCC_DYNAMIC_NO_PIC = NO;
				GCC_NO_COMMON_BLOCKS = YES;
				GCC_OPTIMIZATION_LEVEL = 0;
				GCC_PREPROCESSOR_DEFINITIONS = (
					"DEBUG=1",
					"$(inherited)",
				);
				GCC_WARN_64_TO_32_BIT_CONVERSION = YES;
				GCC_WARN_ABOUT_RETURN_TYPE = YES_ERROR;
				GCC_WARN_UNDECLARED_SELECTOR = YES;
				GCC_WARN_UNINITIALIZED_AUTOS = YES_AGGRESSIVE;
				GCC_WARN_UNUSED_FUNCTION = YES;
				GCC_WARN_UNUSED_VARIABLE = YES;
				IPHONEOS_DEPLOYMENT_TARGET = 15.2;
				MTL_ENABLE_DEBUG_INFO = INCLUDE_SOURCE;
				MTL_FAST_MATH = YES;
				ONLY_ACTIVE_ARCH = YES;
				SDKROOT = iphoneos;
				SWIFT_ACTIVE_COMPILATION_CONDITIONS = DEBUG;
				SWIFT_OPTIMIZATION_LEVEL = "-Onone";
			};
			name = Debug;
		};
		6231B98427BEFFB400EC9C82 /* Release */ = {
			isa = XCBuildConfiguration;
			buildSettings = {
				ALWAYS_SEARCH_USER_PATHS = NO;
				CLANG_ANALYZER_NONNULL = YES;
				CLANG_ANALYZER_NUMBER_OBJECT_CONVERSION = YES_AGGRESSIVE;
				CLANG_CXX_LANGUAGE_STANDARD = "gnu++17";
				CLANG_CXX_LIBRARY = "libc++";
				CLANG_ENABLE_MODULES = YES;
				CLANG_ENABLE_OBJC_ARC = YES;
				CLANG_ENABLE_OBJC_WEAK = YES;
				CLANG_WARN_BLOCK_CAPTURE_AUTORELEASING = YES;
				CLANG_WARN_BOOL_CONVERSION = YES;
				CLANG_WARN_COMMA = YES;
				CLANG_WARN_CONSTANT_CONVERSION = YES;
				CLANG_WARN_DEPRECATED_OBJC_IMPLEMENTATIONS = YES;
				CLANG_WARN_DIRECT_OBJC_ISA_USAGE = YES_ERROR;
				CLANG_WARN_DOCUMENTATION_COMMENTS = YES;
				CLANG_WARN_EMPTY_BODY = YES;
				CLANG_WARN_ENUM_CONVERSION = YES;
				CLANG_WARN_INFINITE_RECURSION = YES;
				CLANG_WARN_INT_CONVERSION = YES;
				CLANG_WARN_NON_LITERAL_NULL_CONVERSION = YES;
				CLANG_WARN_OBJC_IMPLICIT_RETAIN_SELF = YES;
				CLANG_WARN_OBJC_LITERAL_CONVERSION = YES;
				CLANG_WARN_OBJC_ROOT_CLASS = YES_ERROR;
				CLANG_WARN_QUOTED_INCLUDE_IN_FRAMEWORK_HEADER = YES;
				CLANG_WARN_RANGE_LOOP_ANALYSIS = YES;
				CLANG_WARN_STRICT_PROTOTYPES = YES;
				CLANG_WARN_SUSPICIOUS_MOVE = YES;
				CLANG_WARN_UNGUARDED_AVAILABILITY = YES_AGGRESSIVE;
				CLANG_WARN_UNREACHABLE_CODE = YES;
				CLANG_WARN__DUPLICATE_METHOD_MATCH = YES;
				COPY_PHASE_STRIP = NO;
				DEBUG_INFORMATION_FORMAT = "dwarf-with-dsym";
				ENABLE_NS_ASSERTIONS = NO;
				ENABLE_STRICT_OBJC_MSGSEND = YES;
				GCC_C_LANGUAGE_STANDARD = gnu11;
				GCC_NO_COMMON_BLOCKS = YES;
				GCC_WARN_64_TO_32_BIT_CONVERSION = YES;
				GCC_WARN_ABOUT_RETURN_TYPE = YES_ERROR;
				GCC_WARN_UNDECLARED_SELECTOR = YES;
				GCC_WARN_UNINITIALIZED_AUTOS = YES_AGGRESSIVE;
				GCC_WARN_UNUSED_FUNCTION = YES;
				GCC_WARN_UNUSED_VARIABLE = YES;
				IPHONEOS_DEPLOYMENT_TARGET = 15.2;
				MTL_ENABLE_DEBUG_INFO = NO;
				MTL_FAST_MATH = YES;
				SDKROOT = iphoneos;
				SWIFT_COMPILATION_MODE = wholemodule;
				SWIFT_OPTIMIZATION_LEVEL = "-O";
				VALIDATE_PRODUCT = YES;
			};
			name = Release;
		};
		6231B98627BEFFB400EC9C82 /* Debug */ = {
			isa = XCBuildConfiguration;
			buildSettings = {
				ASSETCATALOG_COMPILER_APPICON_NAME = AppIcon;
				ASSETCATALOG_COMPILER_GLOBAL_ACCENT_COLOR_NAME = AccentColor;
				CODE_SIGN_STYLE = Automatic;
				CURRENT_PROJECT_VERSION = 1;
				DEVELOPMENT_TEAM = U65F5P9WG3;
				GENERATE_INFOPLIST_FILE = YES;
				INFOPLIST_FILE = "IOT Project/Info.plist";
				INFOPLIST_KEY_UIApplicationSupportsIndirectInputEvents = YES;
				INFOPLIST_KEY_UILaunchStoryboardName = LaunchScreen;
				INFOPLIST_KEY_UIMainStoryboardFile = Main;
				INFOPLIST_KEY_UISupportedInterfaceOrientations_iPad = "UIInterfaceOrientationPortrait UIInterfaceOrientationPortraitUpsideDown UIInterfaceOrientationLandscapeLeft UIInterfaceOrientationLandscapeRight";
				INFOPLIST_KEY_UISupportedInterfaceOrientations_iPhone = "UIInterfaceOrientationPortrait UIInterfaceOrientationLandscapeLeft UIInterfaceOrientationLandscapeRight";
				IPHONEOS_DEPLOYMENT_TARGET = 13.2;
				LD_RUNPATH_SEARCH_PATHS = (
					"$(inherited)",
					"@executable_path/Frameworks",
				);
				MARKETING_VERSION = 1.0;
				PRODUCT_BUNDLE_IDENTIFIER = "Roberto-Pop.IOT-Project";
				PRODUCT_NAME = "$(TARGET_NAME)";
				SWIFT_EMIT_LOC_STRINGS = YES;
				SWIFT_VERSION = 5.0;
				TARGETED_DEVICE_FAMILY = "1,2";
			};
			name = Debug;
		};
		6231B98727BEFFB400EC9C82 /* Release */ = {
			isa = XCBuildConfiguration;
			buildSettings = {
				ASSETCATALOG_COMPILER_APPICON_NAME = AppIcon;
				ASSETCATALOG_COMPILER_GLOBAL_ACCENT_COLOR_NAME = AccentColor;
				CODE_SIGN_STYLE = Automatic;
				CURRENT_PROJECT_VERSION = 1;
				DEVELOPMENT_TEAM = U65F5P9WG3;
				GENERATE_INFOPLIST_FILE = YES;
				INFOPLIST_FILE = "IOT Project/Info.plist";
				INFOPLIST_KEY_UIApplicationSupportsIndirectInputEvents = YES;
				INFOPLIST_KEY_UILaunchStoryboardName = LaunchScreen;
				INFOPLIST_KEY_UIMainStoryboardFile = Main;
				INFOPLIST_KEY_UISupportedInterfaceOrientations_iPad = "UIInterfaceOrientationPortrait UIInterfaceOrientationPortraitUpsideDown UIInterfaceOrientationLandscapeLeft UIInterfaceOrientationLandscapeRight";
				INFOPLIST_KEY_UISupportedInterfaceOrientations_iPhone = "UIInterfaceOrientationPortrait UIInterfaceOrientationLandscapeLeft UIInterfaceOrientationLandscapeRight";
				IPHONEOS_DEPLOYMENT_TARGET = 13.2;
				LD_RUNPATH_SEARCH_PATHS = (
					"$(inherited)",
					"@executable_path/Frameworks",
				);
				MARKETING_VERSION = 1.0;
				PRODUCT_BUNDLE_IDENTIFIER = "Roberto-Pop.IOT-Project";
				PRODUCT_NAME = "$(TARGET_NAME)";
				SWIFT_EMIT_LOC_STRINGS = YES;
				SWIFT_VERSION = 5.0;
				TARGETED_DEVICE_FAMILY = "1,2";
			};
			name = Release;
		};
		6231B98927BEFFB400EC9C82 /* Debug */ = {
			isa = XCBuildConfiguration;
			buildSettings = {
				ALWAYS_EMBED_SWIFT_STANDARD_LIBRARIES = YES;
				BUNDLE_LOADER = "$(TEST_HOST)";
				CODE_SIGN_STYLE = Automatic;
				CURRENT_PROJECT_VERSION = 1;
				DEVELOPMENT_TEAM = U65F5P9WG3;
				GENERATE_INFOPLIST_FILE = YES;
				IPHONEOS_DEPLOYMENT_TARGET = 15.2;
				MARKETING_VERSION = 1.0;
				PRODUCT_BUNDLE_IDENTIFIER = "Roberto-Pop.IOT-ProjectTests";
				PRODUCT_NAME = "$(TARGET_NAME)";
				SWIFT_EMIT_LOC_STRINGS = NO;
				SWIFT_VERSION = 5.0;
				TARGETED_DEVICE_FAMILY = "1,2";
				TEST_HOST = "$(BUILT_PRODUCTS_DIR)/IOT Project.app/IOT Project";
			};
			name = Debug;
		};
		6231B98A27BEFFB400EC9C82 /* Release */ = {
			isa = XCBuildConfiguration;
			buildSettings = {
				ALWAYS_EMBED_SWIFT_STANDARD_LIBRARIES = YES;
				BUNDLE_LOADER = "$(TEST_HOST)";
				CODE_SIGN_STYLE = Automatic;
				CURRENT_PROJECT_VERSION = 1;
				DEVELOPMENT_TEAM = U65F5P9WG3;
				GENERATE_INFOPLIST_FILE = YES;
				IPHONEOS_DEPLOYMENT_TARGET = 15.2;
				MARKETING_VERSION = 1.0;
				PRODUCT_BUNDLE_IDENTIFIER = "Roberto-Pop.IOT-ProjectTests";
				PRODUCT_NAME = "$(TARGET_NAME)";
				SWIFT_EMIT_LOC_STRINGS = NO;
				SWIFT_VERSION = 5.0;
				TARGETED_DEVICE_FAMILY = "1,2";
				TEST_HOST = "$(BUILT_PRODUCTS_DIR)/IOT Project.app/IOT Project";
			};
			name = Release;
		};
		6231B98C27BEFFB400EC9C82 /* Debug */ = {
			isa = XCBuildConfiguration;
			buildSettings = {
				ALWAYS_EMBED_SWIFT_STANDARD_LIBRARIES = YES;
				CODE_SIGN_STYLE = Automatic;
				CURRENT_PROJECT_VERSION = 1;
				DEVELOPMENT_TEAM = U65F5P9WG3;
				GENERATE_INFOPLIST_FILE = YES;
				MARKETING_VERSION = 1.0;
				PRODUCT_BUNDLE_IDENTIFIER = "Roberto-Pop.IOT-ProjectUITests";
				PRODUCT_NAME = "$(TARGET_NAME)";
				SWIFT_EMIT_LOC_STRINGS = NO;
				SWIFT_VERSION = 5.0;
				TARGETED_DEVICE_FAMILY = "1,2";
				TEST_TARGET_NAME = "IOT Project";
			};
			name = Debug;
		};
		6231B98D27BEFFB400EC9C82 /* Release */ = {
			isa = XCBuildConfiguration;
			buildSettings = {
				ALWAYS_EMBED_SWIFT_STANDARD_LIBRARIES = YES;
				CODE_SIGN_STYLE = Automatic;
				CURRENT_PROJECT_VERSION = 1;
				DEVELOPMENT_TEAM = U65F5P9WG3;
				GENERATE_INFOPLIST_FILE = YES;
				MARKETING_VERSION = 1.0;
				PRODUCT_BUNDLE_IDENTIFIER = "Roberto-Pop.IOT-ProjectUITests";
				PRODUCT_NAME = "$(TARGET_NAME)";
				SWIFT_EMIT_LOC_STRINGS = NO;
				SWIFT_VERSION = 5.0;
				TARGETED_DEVICE_FAMILY = "1,2";
				TEST_TARGET_NAME = "IOT Project";
			};
			name = Release;
		};
/* End XCBuildConfiguration section */

/* Begin XCConfigurationList section */
		6231B95627BEFFAF00EC9C82 /* Build configuration list for PBXProject "IOT Project" */ = {
			isa = XCConfigurationList;
			buildConfigurations = (
				6231B98327BEFFB400EC9C82 /* Debug */,
				6231B98427BEFFB400EC9C82 /* Release */,
			);
			defaultConfigurationIsVisible = 0;
			defaultConfigurationName = Release;
		};
		6231B98527BEFFB400EC9C82 /* Build configuration list for PBXNativeTarget "IOT Project" */ = {
			isa = XCConfigurationList;
			buildConfigurations = (
				6231B98627BEFFB400EC9C82 /* Debug */,
				6231B98727BEFFB400EC9C82 /* Release */,
			);
			defaultConfigurationIsVisible = 0;
			defaultConfigurationName = Release;
		};
		6231B98827BEFFB400EC9C82 /* Build configuration list for PBXNativeTarget "IOT ProjectTests" */ = {
			isa = XCConfigurationList;
			buildConfigurations = (
				6231B98927BEFFB400EC9C82 /* Debug */,
				6231B98A27BEFFB400EC9C82 /* Release */,
			);
			defaultConfigurationIsVisible = 0;
			defaultConfigurationName = Release;
		};
		6231B98B27BEFFB400EC9C82 /* Build configuration list for PBXNativeTarget "IOT ProjectUITests" */ = {
			isa = XCConfigurationList;
			buildConfigurations = (
				6231B98C27BEFFB400EC9C82 /* Debug */,
				6231B98D27BEFFB400EC9C82 /* Release */,
			);
			defaultConfigurationIsVisible = 0;
			defaultConfigurationName = Release;
		};
/* End XCConfigurationList section */
	};
	rootObject = 6231B95327BEFFAF00EC9C82 /* Project object */;
}
